
Microsoft Visual Studio Solution File, Format Version 12.00
# Visual Studio Version 17
VisualStudioVersion = 17.7.34031.279
MinimumVisualStudioVersion = 10.0.40219.1
Project("{FAE04EC0-301F-11D3-BF4B-00C04F79EFBC}") = "StoreProject", "StoreProject\StoreProject.csproj", "{147EDCFC-81DA-412C-A548-21F707D102FC}"
EndProject
Global
	GlobalSection(SolutionConfigurationPlatforms) = preSolution
		Debug|Any CPU = Debug|Any CPU
		Release|Any CPU = Release|Any CPU
	EndGlobalSection
	GlobalSection(ProjectConfigurationPlatforms) = postSolution
		{147EDCFC-81DA-412C-A548-21F707D102FC}.Debug|Any CPU.ActiveCfg = Debug|Any CPU
		{147EDCFC-81DA-412C-A548-21F707D102FC}.Debug|Any CPU.Build.0 = Debug|Any CPU
		{147EDCFC-81DA-412C-A548-21F707D102FC}.Release|Any CPU.ActiveCfg = Release|Any CPU
		{147EDCFC-81DA-412C-A548-21F707D102FC}.Release|Any CPU.Build.0 = Release|Any CPU
	EndGlobalSection
	GlobalSection(SolutionProperties) = preSolution
		HideSolutionNode = FALSE
	EndGlobalSection
	GlobalSection(ExtensibilityGlobals) = postSolution
		SolutionGuid = {EE4ABB7C-418A-46CC-8FB4-EDE8DDDEEF1E}
	EndGlobalSection
EndGlobal
